// !$*UTF8*$!
{
	archiveVersion = 1;
	classes = {
	};
	objectVersion = 55;
	objects = {

/* Begin PBXBuildFile section */
		BC5FCAC928481E70001CF2D1 /* Notes WatchKit App.app in Embed Watch Content */ = {isa = PBXBuildFile; fileRef = BC5FCAC828481E70001CF2D1 /* Notes WatchKit App.app */; settings = {ATTRIBUTES = (RemoveHeadersOnCopy, ); }; };
		BC5FCACE28481E73001CF2D1 /* Assets.xcassets in Resources */ = {isa = PBXBuildFile; fileRef = BC5FCACD28481E73001CF2D1 /* Assets.xcassets */; };
		BC5FCAD428481E73001CF2D1 /* Notes WatchKit Extension.appex in Embed App Extensions */ = {isa = PBXBuildFile; fileRef = BC5FCAD328481E73001CF2D1 /* Notes WatchKit Extension.appex */; settings = {ATTRIBUTES = (RemoveHeadersOnCopy, ); }; };
		BC5FCAD928481E73001CF2D1 /* ContentView.swift in Sources */ = {isa = PBXBuildFile; fileRef = BC5FCAD828481E73001CF2D1 /* ContentView.swift */; };
		BC5FCADB28481E73001CF2D1 /* NotesApp.swift in Sources */ = {isa = PBXBuildFile; fileRef = BC5FCADA28481E73001CF2D1 /* NotesApp.swift */; };
		BC5FCADD28481E73001CF2D1 /* ComplicationController.swift in Sources */ = {isa = PBXBuildFile; fileRef = BC5FCADC28481E73001CF2D1 /* ComplicationController.swift */; };
		BC5FCADF28481E73001CF2D1 /* Assets.xcassets in Resources */ = {isa = PBXBuildFile; fileRef = BC5FCADE28481E73001CF2D1 /* Assets.xcassets */; };
		BC5FCAE228481E73001CF2D1 /* Preview Assets.xcassets in Resources */ = {isa = PBXBuildFile; fileRef = BC5FCAE128481E73001CF2D1 /* Preview Assets.xcassets */; };
		BC5FCAF428482054001CF2D1 /* Note.swift in Sources */ = {isa = PBXBuildFile; fileRef = BC5FCAF328482054001CF2D1 /* Note.swift */; };
		BC5FCAF628482A5A001CF2D1 /* DetailView.swift in Sources */ = {isa = PBXBuildFile; fileRef = BC5FCAF528482A5A001CF2D1 /* DetailView.swift */; };
		BC5FCAF828482D84001CF2D1 /* CreditsView.swift in Sources */ = {isa = PBXBuildFile; fileRef = BC5FCAF728482D84001CF2D1 /* CreditsView.swift */; };
		BC5FCAFB28482E33001CF2D1 /* HeaderView.swift in Sources */ = {isa = PBXBuildFile; fileRef = BC5FCAFA28482E33001CF2D1 /* HeaderView.swift */; };
		BC5FCAFF28483FC2001CF2D1 /* SettingsView.swift in Sources */ = {isa = PBXBuildFile; fileRef = BC5FCAFE28483FC2001CF2D1 /* SettingsView.swift */; };
/* End PBXBuildFile section */

/* Begin PBXContainerItemProxy section */
		BC5FCACA28481E70001CF2D1 /* PBXContainerItemProxy */ = {
			isa = PBXContainerItemProxy;
			containerPortal = BC5FCABE28481E6F001CF2D1 /* Project object */;
			proxyType = 1;
			remoteGlobalIDString = BC5FCAC728481E70001CF2D1;
			remoteInfo = "Notes WatchKit App";
		};
		BC5FCAD528481E73001CF2D1 /* PBXContainerItemProxy */ = {
			isa = PBXContainerItemProxy;
			containerPortal = BC5FCABE28481E6F001CF2D1 /* Project object */;
			proxyType = 1;
			remoteGlobalIDString = BC5FCAD228481E73001CF2D1;
			remoteInfo = "Notes WatchKit Extension";
		};
/* End PBXContainerItemProxy section */

/* Begin PBXCopyFilesBuildPhase section */
		BC5FCAE928481E73001CF2D1 /* Embed App Extensions */ = {
			isa = PBXCopyFilesBuildPhase;
			buildActionMask = 2147483647;
			dstPath = "";
			dstSubfolderSpec = 13;
			files = (
				BC5FCAD428481E73001CF2D1 /* Notes WatchKit Extension.appex in Embed App Extensions */,
			);
			name = "Embed App Extensions";
			runOnlyForDeploymentPostprocessing = 0;
		};
		BC5FCAED28481E73001CF2D1 /* Embed Watch Content */ = {
			isa = PBXCopyFilesBuildPhase;
			buildActionMask = 2147483647;
			dstPath = "$(CONTENTS_FOLDER_PATH)/Watch";
			dstSubfolderSpec = 16;
			files = (
				BC5FCAC928481E70001CF2D1 /* Notes WatchKit App.app in Embed Watch Content */,
			);
			name = "Embed Watch Content";
			runOnlyForDeploymentPostprocessing = 0;
		};
/* End PBXCopyFilesBuildPhase section */

/* Begin PBXFileReference section */
		BC5FCAC428481E6F001CF2D1 /* Notes.app */ = {isa = PBXFileReference; explicitFileType = wrapper.application; includeInIndex = 0; path = Notes.app; sourceTree = BUILT_PRODUCTS_DIR; };
		BC5FCAC828481E70001CF2D1 /* Notes WatchKit App.app */ = {isa = PBXFileReference; explicitFileType = wrapper.application; includeInIndex = 0; path = "Notes WatchKit App.app"; sourceTree = BUILT_PRODUCTS_DIR; };
		BC5FCACD28481E73001CF2D1 /* Assets.xcassets */ = {isa = PBXFileReference; lastKnownFileType = folder.assetcatalog; path = Assets.xcassets; sourceTree = "<group>"; };
		BC5FCAD328481E73001CF2D1 /* Notes WatchKit Extension.appex */ = {isa = PBXFileReference; explicitFileType = "wrapper.app-extension"; includeInIndex = 0; path = "Notes WatchKit Extension.appex"; sourceTree = BUILT_PRODUCTS_DIR; };
		BC5FCAD828481E73001CF2D1 /* ContentView.swift */ = {isa = PBXFileReference; lastKnownFileType = sourcecode.swift; path = ContentView.swift; sourceTree = "<group>"; };
		BC5FCADA28481E73001CF2D1 /* NotesApp.swift */ = {isa = PBXFileReference; lastKnownFileType = sourcecode.swift; path = NotesApp.swift; sourceTree = "<group>"; };
		BC5FCADC28481E73001CF2D1 /* ComplicationController.swift */ = {isa = PBXFileReference; lastKnownFileType = sourcecode.swift; path = ComplicationController.swift; sourceTree = "<group>"; };
		BC5FCADE28481E73001CF2D1 /* Assets.xcassets */ = {isa = PBXFileReference; lastKnownFileType = folder.assetcatalog; path = Assets.xcassets; sourceTree = "<group>"; };
		BC5FCAE128481E73001CF2D1 /* Preview Assets.xcassets */ = {isa = PBXFileReference; lastKnownFileType = folder.assetcatalog; path = "Preview Assets.xcassets"; sourceTree = "<group>"; };
		BC5FCAE328481E73001CF2D1 /* Info.plist */ = {isa = PBXFileReference; lastKnownFileType = text.plist.xml; path = Info.plist; sourceTree = "<group>"; };
		BC5FCAF328482054001CF2D1 /* Note.swift */ = {isa = PBXFileReference; lastKnownFileType = sourcecode.swift; path = Note.swift; sourceTree = "<group>"; };
		BC5FCAF528482A5A001CF2D1 /* DetailView.swift */ = {isa = PBXFileReference; lastKnownFileType = sourcecode.swift; path = DetailView.swift; sourceTree = "<group>"; };
		BC5FCAF728482D84001CF2D1 /* CreditsView.swift */ = {isa = PBXFileReference; lastKnownFileType = sourcecode.swift; path = CreditsView.swift; sourceTree = "<group>"; };
		BC5FCAFA28482E33001CF2D1 /* HeaderView.swift */ = {isa = PBXFileReference; lastKnownFileType = sourcecode.swift; path = HeaderView.swift; sourceTree = "<group>"; };
		BC5FCAFE28483FC2001CF2D1 /* SettingsView.swift */ = {isa = PBXFileReference; lastKnownFileType = sourcecode.swift; path = SettingsView.swift; sourceTree = "<group>"; };
/* End PBXFileReference section */

/* Begin PBXFrameworksBuildPhase section */
		BC5FCAD028481E73001CF2D1 /* Frameworks */ = {
			isa = PBXFrameworksBuildPhase;
			buildActionMask = 2147483647;
			files = (
			);
			runOnlyForDeploymentPostprocessing = 0;
		};
/* End PBXFrameworksBuildPhase section */

/* Begin PBXGroup section */
		BC5FCABD28481E6F001CF2D1 = {
			isa = PBXGroup;
			children = (
				BC5FCACC28481E70001CF2D1 /* Notes WatchKit App */,
				BC5FCAD728481E73001CF2D1 /* Notes WatchKit Extension */,
				BC5FCAC528481E6F001CF2D1 /* Products */,
			);
			sourceTree = "<group>";
		};
		BC5FCAC528481E6F001CF2D1 /* Products */ = {
			isa = PBXGroup;
			children = (
				BC5FCAC428481E6F001CF2D1 /* Notes.app */,
				BC5FCAC828481E70001CF2D1 /* Notes WatchKit App.app */,
				BC5FCAD328481E73001CF2D1 /* Notes WatchKit Extension.appex */,
			);
			name = Products;
			sourceTree = "<group>";
		};
		BC5FCACC28481E70001CF2D1 /* Notes WatchKit App */ = {
			isa = PBXGroup;
			children = (
				BC5FCACD28481E73001CF2D1 /* Assets.xcassets */,
			);
			path = "Notes WatchKit App";
			sourceTree = "<group>";
		};
		BC5FCAD728481E73001CF2D1 /* Notes WatchKit Extension */ = {
			isa = PBXGroup;
			children = (
				BC5FCAF928482E15001CF2D1 /* Component */,
				BC5FCAF228482049001CF2D1 /* Model */,
				BC5FCAF12848203B001CF2D1 /* View */,
				BC5FCADA28481E73001CF2D1 /* NotesApp.swift */,
				BC5FCADC28481E73001CF2D1 /* ComplicationController.swift */,
				BC5FCADE28481E73001CF2D1 /* Assets.xcassets */,
				BC5FCAE328481E73001CF2D1 /* Info.plist */,
				BC5FCAE028481E73001CF2D1 /* Preview Content */,
			);
			path = "Notes WatchKit Extension";
			sourceTree = "<group>";
		};
		BC5FCAE028481E73001CF2D1 /* Preview Content */ = {
			isa = PBXGroup;
			children = (
				BC5FCAE128481E73001CF2D1 /* Preview Assets.xcassets */,
			);
			path = "Preview Content";
			sourceTree = "<group>";
		};
		BC5FCAF12848203B001CF2D1 /* View */ = {
			isa = PBXGroup;
			children = (
				BC5FCAD828481E73001CF2D1 /* ContentView.swift */,
				BC5FCAF528482A5A001CF2D1 /* DetailView.swift */,
				BC5FCAF728482D84001CF2D1 /* CreditsView.swift */,
				BC5FCAFE28483FC2001CF2D1 /* SettingsView.swift */,
			);
			path = View;
			sourceTree = "<group>";
		};
		BC5FCAF228482049001CF2D1 /* Model */ = {
			isa = PBXGroup;
			children = (
				BC5FCAF328482054001CF2D1 /* Note.swift */,
			);
			path = Model;
			sourceTree = "<group>";
		};
		BC5FCAF928482E15001CF2D1 /* Component */ = {
			isa = PBXGroup;
			children = (
				BC5FCAFA28482E33001CF2D1 /* HeaderView.swift */,
			);
			path = Component;
			sourceTree = "<group>";
		};
/* End PBXGroup section */

/* Begin PBXNativeTarget section */
		BC5FCAC328481E6F001CF2D1 /* Notes */ = {
			isa = PBXNativeTarget;
			buildConfigurationList = BC5FCAEE28481E73001CF2D1 /* Build configuration list for PBXNativeTarget "Notes" */;
			buildPhases = (
				BC5FCAC228481E6F001CF2D1 /* Resources */,
				BC5FCAED28481E73001CF2D1 /* Embed Watch Content */,
			);
			buildRules = (
			);
			dependencies = (
				BC5FCACB28481E70001CF2D1 /* PBXTargetDependency */,
			);
			name = Notes;
			productName = Notes;
			productReference = BC5FCAC428481E6F001CF2D1 /* Notes.app */;
			productType = "com.apple.product-type.application.watchapp2-container";
		};
		BC5FCAC728481E70001CF2D1 /* Notes WatchKit App */ = {
			isa = PBXNativeTarget;
			buildConfigurationList = BC5FCAEA28481E73001CF2D1 /* Build configuration list for PBXNativeTarget "Notes WatchKit App" */;
			buildPhases = (
				BC5FCAC628481E70001CF2D1 /* Resources */,
				BC5FCAE928481E73001CF2D1 /* Embed App Extensions */,
			);
			buildRules = (
			);
			dependencies = (
				BC5FCAD628481E73001CF2D1 /* PBXTargetDependency */,
			);
			name = "Notes WatchKit App";
			productName = "Notes WatchKit App";
			productReference = BC5FCAC828481E70001CF2D1 /* Notes WatchKit App.app */;
			productType = "com.apple.product-type.application.watchapp2";
		};
		BC5FCAD228481E73001CF2D1 /* Notes WatchKit Extension */ = {
			isa = PBXNativeTarget;
			buildConfigurationList = BC5FCAE628481E73001CF2D1 /* Build configuration list for PBXNativeTarget "Notes WatchKit Extension" */;
			buildPhases = (
				BC5FCACF28481E73001CF2D1 /* Sources */,
				BC5FCAD028481E73001CF2D1 /* Frameworks */,
				BC5FCAD128481E73001CF2D1 /* Resources */,
			);
			buildRules = (
			);
			dependencies = (
			);
			name = "Notes WatchKit Extension";
			productName = "Notes WatchKit Extension";
			productReference = BC5FCAD328481E73001CF2D1 /* Notes WatchKit Extension.appex */;
			productType = "com.apple.product-type.watchkit2-extension";
		};
/* End PBXNativeTarget section */

/* Begin PBXProject section */
		BC5FCABE28481E6F001CF2D1 /* Project object */ = {
			isa = PBXProject;
			attributes = {
				BuildIndependentTargetsInParallel = 1;
				LastSwiftUpdateCheck = 1340;
				LastUpgradeCheck = 1340;
				TargetAttributes = {
					BC5FCAC328481E6F001CF2D1 = {
						CreatedOnToolsVersion = 13.4;
					};
					BC5FCAC728481E70001CF2D1 = {
						CreatedOnToolsVersion = 13.4;
					};
					BC5FCAD228481E73001CF2D1 = {
						CreatedOnToolsVersion = 13.4;
					};
				};
			};
			buildConfigurationList = BC5FCAC128481E6F001CF2D1 /* Build configuration list for PBXProject "Notes" */;
			compatibilityVersion = "Xcode 13.0";
			developmentRegion = en;
			hasScannedForEncodings = 0;
			knownRegions = (
				en,
				Base,
			);
			mainGroup = BC5FCABD28481E6F001CF2D1;
			productRefGroup = BC5FCAC528481E6F001CF2D1 /* Products */;
			projectDirPath = "";
			projectRoot = "";
			targets = (
				BC5FCAC328481E6F001CF2D1 /* Notes */,
				BC5FCAC728481E70001CF2D1 /* Notes WatchKit App */,
				BC5FCAD228481E73001CF2D1 /* Notes WatchKit Extension */,
			);
		};
/* End PBXProject section */

/* Begin PBXResourcesBuildPhase section */
		BC5FCAC228481E6F001CF2D1 /* Resources */ = {
			isa = PBXResourcesBuildPhase;
			buildActionMask = 2147483647;
			files = (
			);
			runOnlyForDeploymentPostprocessing = 0;
		};
		BC5FCAC628481E70001CF2D1 /* Resources */ = {
			isa = PBXResourcesBuildPhase;
			buildActionMask = 2147483647;
			files = (
				BC5FCACE28481E73001CF2D1 /* Assets.xcassets in Resources */,
			);
			runOnlyForDeploymentPostprocessing = 0;
		};
		BC5FCAD128481E73001CF2D1 /* Resources */ = {
			isa = PBXResourcesBuildPhase;
			buildActionMask = 2147483647;
			files = (
				BC5FCAE228481E73001CF2D1 /* Preview Assets.xcassets in Resources */,
				BC5FCADF28481E73001CF2D1 /* Assets.xcassets in Resources */,
			);
			runOnlyForDeploymentPostprocessing = 0;
		};
/* End PBXResourcesBuildPhase section */

/* Begin PBXSourcesBuildPhase section */
		BC5FCACF28481E73001CF2D1 /* Sources */ = {
			isa = PBXSourcesBuildPhase;
			buildActionMask = 2147483647;
			files = (
				BC5FCAD928481E73001CF2D1 /* ContentView.swift in Sources */,
				BC5FCAFF28483FC2001CF2D1 /* SettingsView.swift in Sources */,
				BC5FCADB28481E73001CF2D1 /* NotesApp.swift in Sources */,
				BC5FCADD28481E73001CF2D1 /* ComplicationController.swift in Sources */,
				BC5FCAF828482D84001CF2D1 /* CreditsView.swift in Sources */,
				BC5FCAF628482A5A001CF2D1 /* DetailView.swift in Sources */,
				BC5FCAF428482054001CF2D1 /* Note.swift in Sources */,
				BC5FCAFB28482E33001CF2D1 /* HeaderView.swift in Sources */,
			);
			runOnlyForDeploymentPostprocessing = 0;
		};
/* End PBXSourcesBuildPhase section */

/* Begin PBXTargetDependency section */
		BC5FCACB28481E70001CF2D1 /* PBXTargetDependency */ = {
			isa = PBXTargetDependency;
			target = BC5FCAC728481E70001CF2D1 /* Notes WatchKit App */;
			targetProxy = BC5FCACA28481E70001CF2D1 /* PBXContainerItemProxy */;
		};
		BC5FCAD628481E73001CF2D1 /* PBXTargetDependency */ = {
			isa = PBXTargetDependency;
			target = BC5FCAD228481E73001CF2D1 /* Notes WatchKit Extension */;
			targetProxy = BC5FCAD528481E73001CF2D1 /* PBXContainerItemProxy */;
		};
/* End PBXTargetDependency section */

/* Begin XCBuildConfiguration section */
		BC5FCAE428481E73001CF2D1 /* Debug */ = {
			isa = XCBuildConfiguration;
			buildSettings = {
				ALWAYS_SEARCH_USER_PATHS = NO;
				CLANG_ANALYZER_NONNULL = YES;
				CLANG_ANALYZER_NUMBER_OBJECT_CONVERSION = YES_AGGRESSIVE;
				CLANG_CXX_LANGUAGE_STANDARD = "gnu++17";
				CLANG_ENABLE_MODULES = YES;
				CLANG_ENABLE_OBJC_ARC = YES;
				CLANG_ENABLE_OBJC_WEAK = YES;
				CLANG_WARN_BLOCK_CAPTURE_AUTORELEASING = YES;
				CLANG_WARN_BOOL_CONVERSION = YES;
				CLANG_WARN_COMMA = YES;
				CLANG_WARN_CONSTANT_CONVERSION = YES;
				CLANG_WARN_DEPRECATED_OBJC_IMPLEMENTATIONS = YES;
				CLANG_WARN_DIRECT_OBJC_ISA_USAGE = YES_ERROR;
				CLANG_WARN_DOCUMENTATION_COMMENTS = YES;
				CLANG_WARN_EMPTY_BODY = YES;
				CLANG_WARN_ENUM_CONVERSION = YES;
				CLANG_WARN_INFINITE_RECURSION = YES;
				CLANG_WARN_INT_CONVERSION = YES;
				CLANG_WARN_NON_LITERAL_NULL_CONVERSION = YES;
				CLANG_WARN_OBJC_IMPLICIT_RETAIN_SELF = YES;
				CLANG_WARN_OBJC_LITERAL_CONVERSION = YES;
				CLANG_WARN_OBJC_ROOT_CLASS = YES_ERROR;
				CLANG_WARN_QUOTED_INCLUDE_IN_FRAMEWORK_HEADER = YES;
				CLANG_WARN_RANGE_LOOP_ANALYSIS = YES;
				CLANG_WARN_STRICT_PROTOTYPES = YES;
				CLANG_WARN_SUSPICIOUS_MOVE = YES;
				CLANG_WARN_UNGUARDED_AVAILABILITY = YES_AGGRESSIVE;
				CLANG_WARN_UNREACHABLE_CODE = YES;
				CLANG_WARN__DUPLICATE_METHOD_MATCH = YES;
				COPY_PHASE_STRIP = NO;
				DEBUG_INFORMATION_FORMAT = dwarf;
				ENABLE_STRICT_OBJC_MSGSEND = YES;
				ENABLE_TESTABILITY = YES;
				GCC_C_LANGUAGE_STANDARD = gnu11;
				GCC_DYNAMIC_NO_PIC = NO;
				GCC_NO_COMMON_BLOCKS = YES;
				GCC_OPTIMIZATION_LEVEL = 0;
				GCC_PREPROCESSOR_DEFINITIONS = (
					"DEBUG=1",
					"$(inherited)",
				);
				GCC_WARN_64_TO_32_BIT_CONVERSION = YES;
				GCC_WARN_ABOUT_RETURN_TYPE = YES_ERROR;
				GCC_WARN_UNDECLARED_SELECTOR = YES;
				GCC_WARN_UNINITIALIZED_AUTOS = YES_AGGRESSIVE;
				GCC_WARN_UNUSED_FUNCTION = YES;
				GCC_WARN_UNUSED_VARIABLE = YES;
				MTL_ENABLE_DEBUG_INFO = INCLUDE_SOURCE;
				MTL_FAST_MATH = YES;
				ONLY_ACTIVE_ARCH = YES;
				SDKROOT = iphoneos;
				SWIFT_ACTIVE_COMPILATION_CONDITIONS = DEBUG;
				SWIFT_OPTIMIZATION_LEVEL = "-Onone";
			};
			name = Debug;
		};
		BC5FCAE528481E73001CF2D1 /* Release */ = {
			isa = XCBuildConfiguration;
			buildSettings = {
				ALWAYS_SEARCH_USER_PATHS = NO;
				CLANG_ANALYZER_NONNULL = YES;
				CLANG_ANALYZER_NUMBER_OBJECT_CONVERSION = YES_AGGRESSIVE;
				CLANG_CXX_LANGUAGE_STANDARD = "gnu++17";
				CLANG_ENABLE_MODULES = YES;
				CLANG_ENABLE_OBJC_ARC = YES;
				CLANG_ENABLE_OBJC_WEAK = YES;
				CLANG_WARN_BLOCK_CAPTURE_AUTORELEASING = YES;
				CLANG_WARN_BOOL_CONVERSION = YES;
				CLANG_WARN_COMMA = YES;
				CLANG_WARN_CONSTANT_CONVERSION = YES;
				CLANG_WARN_DEPRECATED_OBJC_IMPLEMENTATIONS = YES;
				CLANG_WARN_DIRECT_OBJC_ISA_USAGE = YES_ERROR;
				CLANG_WARN_DOCUMENTATION_COMMENTS = YES;
				CLANG_WARN_EMPTY_BODY = YES;
				CLANG_WARN_ENUM_CONVERSION = YES;
				CLANG_WARN_INFINITE_RECURSION = YES;
				CLANG_WARN_INT_CONVERSION = YES;
				CLANG_WARN_NON_LITERAL_NULL_CONVERSION = YES;
				CLANG_WARN_OBJC_IMPLICIT_RETAIN_SELF = YES;
				CLANG_WARN_OBJC_LITERAL_CONVERSION = YES;
				CLANG_WARN_OBJC_ROOT_CLASS = YES_ERROR;
				CLANG_WARN_QUOTED_INCLUDE_IN_FRAMEWORK_HEADER = YES;
				CLANG_WARN_RANGE_LOOP_ANALYSIS = YES;
				CLANG_WARN_STRICT_PROTOTYPES = YES;
				CLANG_WARN_SUSPICIOUS_MOVE = YES;
				CLANG_WARN_UNGUARDED_AVAILABILITY = YES_AGGRESSIVE;
				CLANG_WARN_UNREACHABLE_CODE = YES;
				CLANG_WARN__DUPLICATE_METHOD_MATCH = YES;
				COPY_PHASE_STRIP = NO;
				DEBUG_INFORMATION_FORMAT = "dwarf-with-dsym";
				ENABLE_NS_ASSERTIONS = NO;
				ENABLE_STRICT_OBJC_MSGSEND = YES;
				GCC_C_LANGUAGE_STANDARD = gnu11;
				GCC_NO_COMMON_BLOCKS = YES;
				GCC_WARN_64_TO_32_BIT_CONVERSION = YES;
				GCC_WARN_ABOUT_RETURN_TYPE = YES_ERROR;
				GCC_WARN_UNDECLARED_SELECTOR = YES;
				GCC_WARN_UNINITIALIZED_AUTOS = YES_AGGRESSIVE;
				GCC_WARN_UNUSED_FUNCTION = YES;
				GCC_WARN_UNUSED_VARIABLE = YES;
				MTL_ENABLE_DEBUG_INFO = NO;
				MTL_FAST_MATH = YES;
				SDKROOT = iphoneos;
				SWIFT_COMPILATION_MODE = wholemodule;
				SWIFT_OPTIMIZATION_LEVEL = "-O";
				VALIDATE_PRODUCT = YES;
			};
			name = Release;
		};
		BC5FCAE728481E73001CF2D1 /* Debug */ = {
			isa = XCBuildConfiguration;
			buildSettings = {
				ASSETCATALOG_COMPILER_COMPLICATION_NAME = Complication;
				CODE_SIGN_STYLE = Automatic;
				CURRENT_PROJECT_VERSION = 1;
				DEVELOPMENT_ASSET_PATHS = "\"Notes WatchKit Extension/Preview Content\"";
				DEVELOPMENT_TEAM = M7NG379CJ7;
				ENABLE_PREVIEWS = YES;
				GENERATE_INFOPLIST_FILE = YES;
				INFOPLIST_FILE = "Notes WatchKit Extension/Info.plist";
				INFOPLIST_KEY_CFBundleDisplayName = "Notes WatchKit Extension";
				INFOPLIST_KEY_CLKComplicationPrincipalClass = "$(PRODUCT_MODULE_NAME).ComplicationController";
				INFOPLIST_KEY_NSHumanReadableCopyright = "";
				INFOPLIST_KEY_WKWatchOnly = YES;
				LD_RUNPATH_SEARCH_PATHS = (
					"$(inherited)",
					"@executable_path/Frameworks",
					"@executable_path/../../Frameworks",
				);
				MARKETING_VERSION = 1.0;
				PRODUCT_BUNDLE_IDENTIFIER = com.lilianos.ios.Notes.watchkitapp.watchkitextension;
				PRODUCT_NAME = "${TARGET_NAME}";
				SDKROOT = watchos;
				SKIP_INSTALL = YES;
				SWIFT_EMIT_LOC_STRINGS = YES;
				SWIFT_VERSION = 5.0;
				TARGETED_DEVICE_FAMILY = 4;
				WATCHOS_DEPLOYMENT_TARGET = 8.5;
			};
			name = Debug;
		};
		BC5FCAE828481E73001CF2D1 /* Release */ = {
			isa = XCBuildConfiguration;
			buildSettings = {
				ASSETCATALOG_COMPILER_COMPLICATION_NAME = Complication;
				CODE_SIGN_STYLE = Automatic;
				CURRENT_PROJECT_VERSION = 1;
				DEVELOPMENT_ASSET_PATHS = "\"Notes WatchKit Extension/Preview Content\"";
				DEVELOPMENT_TEAM = M7NG379CJ7;
				ENABLE_PREVIEWS = YES;
				GENERATE_INFOPLIST_FILE = YES;
				INFOPLIST_FILE = "Notes WatchKit Extension/Info.plist";
				INFOPLIST_KEY_CFBundleDisplayName = "Notes WatchKit Extension";
				INFOPLIST_KEY_CLKComplicationPrincipalClass = "$(PRODUCT_MODULE_NAME).ComplicationController";
				INFOPLIST_KEY_NSHumanReadableCopyright = "";
				INFOPLIST_KEY_WKWatchOnly = YES;
				LD_RUNPATH_SEARCH_PATHS = (
					"$(inherited)",
					"@executable_path/Frameworks",
					"@executable_path/../../Frameworks",
				);
				MARKETING_VERSION = 1.0;
				PRODUCT_BUNDLE_IDENTIFIER = com.lilianos.ios.Notes.watchkitapp.watchkitextension;
				PRODUCT_NAME = "${TARGET_NAME}";
				SDKROOT = watchos;
				SKIP_INSTALL = YES;
				SWIFT_EMIT_LOC_STRINGS = YES;
				SWIFT_VERSION = 5.0;
				TARGETED_DEVICE_FAMILY = 4;
				WATCHOS_DEPLOYMENT_TARGET = 8.5;
			};
			name = Release;
		};
		BC5FCAEB28481E73001CF2D1 /* Debug */ = {
			isa = XCBuildConfiguration;
			buildSettings = {
				ALWAYS_EMBED_SWIFT_STANDARD_LIBRARIES = YES;
				ASSETCATALOG_COMPILER_APPICON_NAME = AppIcon;
				ASSETCATALOG_COMPILER_GLOBAL_ACCENT_COLOR_NAME = AccentColor;
				CODE_SIGN_STYLE = Automatic;
				CURRENT_PROJECT_VERSION = 1;
				DEVELOPMENT_TEAM = M7NG379CJ7;
				GENERATE_INFOPLIST_FILE = YES;
				IBSC_MODULE = Notes_WatchKit_Extension;
				INFOPLIST_KEY_CFBundleDisplayName = "Notes WatchKit App";
				INFOPLIST_KEY_UISupportedInterfaceOrientations = "UIInterfaceOrientationPortrait UIInterfaceOrientationPortraitUpsideDown";
				MARKETING_VERSION = 1.0;
				PRODUCT_BUNDLE_IDENTIFIER = com.lilianos.ios.Notes.watchkitapp;
				PRODUCT_NAME = "$(TARGET_NAME)";
				SDKROOT = watchos;
				SKIP_INSTALL = YES;
				SWIFT_EMIT_LOC_STRINGS = YES;
				SWIFT_VERSION = 5.0;
				TARGETED_DEVICE_FAMILY = 4;
				WATCHOS_DEPLOYMENT_TARGET = 8.5;
			};
			name = Debug;
		};
		BC5FCAEC28481E73001CF2D1 /* Release */ = {
			isa = XCBuildConfiguration;
			buildSettings = {
				ALWAYS_EMBED_SWIFT_STANDARD_LIBRARIES = YES;
				ASSETCATALOG_COMPILER_APPICON_NAME = AppIcon;
				ASSETCATALOG_COMPILER_GLOBAL_ACCENT_COLOR_NAME = AccentColor;
				CODE_SIGN_STYLE = Automatic;
				CURRENT_PROJECT_VERSION = 1;
				DEVELOPMENT_TEAM = M7NG379CJ7;
				GENERATE_INFOPLIST_FILE = YES;
				IBSC_MODULE = Notes_WatchKit_Extension;
				INFOPLIST_KEY_CFBundleDisplayName = "Notes WatchKit App";
				INFOPLIST_KEY_UISupportedInterfaceOrientations = "UIInterfaceOrientationPortrait UIInterfaceOrientationPortraitUpsideDown";
				MARKETING_VERSION = 1.0;
				PRODUCT_BUNDLE_IDENTIFIER = com.lilianos.ios.Notes.watchkitapp;
				PRODUCT_NAME = "$(TARGET_NAME)";
				SDKROOT = watchos;
				SKIP_INSTALL = YES;
				SWIFT_EMIT_LOC_STRINGS = YES;
				SWIFT_VERSION = 5.0;
				TARGETED_DEVICE_FAMILY = 4;
				WATCHOS_DEPLOYMENT_TARGET = 8.5;
			};
			name = Release;
		};
		BC5FCAEF28481E73001CF2D1 /* Debug */ = {
			isa = XCBuildConfiguration;
			buildSettings = {
				CODE_SIGN_STYLE = Automatic;
				CURRENT_PROJECT_VERSION = 1;
				DEVELOPMENT_TEAM = M7NG379CJ7;
				MARKETING_VERSION = 1.0;
				PRODUCT_BUNDLE_IDENTIFIER = com.lilianos.ios.Notes;
				PRODUCT_NAME = "$(TARGET_NAME)";
				SWIFT_VERSION = 5.0;
			};
			name = Debug;
		};
		BC5FCAF028481E73001CF2D1 /* Release */ = {
			isa = XCBuildConfiguration;
			buildSettings = {
				CODE_SIGN_STYLE = Automatic;
				CURRENT_PROJECT_VERSION = 1;
				DEVELOPMENT_TEAM = M7NG379CJ7;
				MARKETING_VERSION = 1.0;
				PRODUCT_BUNDLE_IDENTIFIER = com.lilianos.ios.Notes;
				PRODUCT_NAME = "$(TARGET_NAME)";
				SWIFT_VERSION = 5.0;
			};
			name = Release;
		};
/* End XCBuildConfiguration section */

/* Begin XCConfigurationList section */
		BC5FCAC128481E6F001CF2D1 /* Build configuration list for PBXProject "Notes" */ = {
			isa = XCConfigurationList;
			buildConfigurations = (
				BC5FCAE428481E73001CF2D1 /* Debug */,
				BC5FCAE528481E73001CF2D1 /* Release */,
			);
			defaultConfigurationIsVisible = 0;
			defaultConfigurationName = Release;
		};
		BC5FCAE628481E73001CF2D1 /* Build configuration list for PBXNativeTarget "Notes WatchKit Extension" */ = {
			isa = XCConfigurationList;
			buildConfigurations = (
				BC5FCAE728481E73001CF2D1 /* Debug */,
				BC5FCAE828481E73001CF2D1 /* Release */,
			);
			defaultConfigurationIsVisible = 0;
			defaultConfigurationName = Release;
		};
		BC5FCAEA28481E73001CF2D1 /* Build configuration list for PBXNativeTarget "Notes WatchKit App" */ = {
			isa = XCConfigurationList;
			buildConfigurations = (
				BC5FCAEB28481E73001CF2D1 /* Debug */,
				BC5FCAEC28481E73001CF2D1 /* Release */,
			);
			defaultConfigurationIsVisible = 0;
			defaultConfigurationName = Release;
		};
		BC5FCAEE28481E73001CF2D1 /* Build configuration list for PBXNativeTarget "Notes" */ = {
			isa = XCConfigurationList;
			buildConfigurations = (
				BC5FCAEF28481E73001CF2D1 /* Debug */,
				BC5FCAF028481E73001CF2D1 /* Release */,
			);
			defaultConfigurationIsVisible = 0;
			defaultConfigurationName = Release;
		};
/* End XCConfigurationList section */
	};
	rootObject = BC5FCABE28481E6F001CF2D1 /* Project object */;
}
